
Microsoft Visual Studio Solution File, Format Version 12.00
# Visual Studio Version 17
VisualStudioVersion = 17.13.35931.197 d17.13
MinimumVisualStudioVersion = 10.0.40219.1
Project("{FAE04EC0-301F-11D3-BF4B-00C04F79EFBC}") = "ApiAuth", "ApiAuth.csproj", "{BED01B58-C332-4B36-B3DB-989FD6C40773}"
EndProject
Global
	GlobalSection(SolutionConfigurationPlatforms) = preSolution
		Debug|Any CPU = Debug|Any CPU
		Release|Any CPU = Release|Any CPU
	EndGlobalSection
	GlobalSection(ProjectConfigurationPlatforms) = postSolution
		{BED01B58-C332-4B36-B3DB-989FD6C40773}.Debug|Any CPU.ActiveCfg = Debug|Any CPU
		{BED01B58-C332-4B36-B3DB-989FD6C40773}.Debug|Any CPU.Build.0 = Debug|Any CPU
		{BED01B58-C332-4B36-B3DB-989FD6C40773}.Release|Any CPU.ActiveCfg = Release|Any CPU
		{BED01B58-C332-4B36-B3DB-989FD6C40773}.Release|Any CPU.Build.0 = Release|Any CPU
	EndGlobalSection
	GlobalSection(SolutionProperties) = preSolution
		HideSolutionNode = FALSE
	EndGlobalSection
	GlobalSection(ExtensibilityGlobals) = postSolution
		SolutionGuid = {4F94B8C8-E60E-47DA-9541-B9A20234D0C1}
	EndGlobalSection
EndGlobal
